
Microsoft Visual Studio Solution File, Format Version 12.00
# Visual Studio Version 17
VisualStudioVersion = 17.0.32002.185
MinimumVisualStudioVersion = 10.0.40219.1
Project("{9A19103F-16F7-4668-BE54-9A1E7A4F7556}") = "API.PONCHADOR", "API.PONCHADOR.csproj", "{82683024-75C3-4A5D-A1F3-88C1A3CA002B}"
EndProject
Global
	GlobalSection(SolutionConfigurationPlatforms) = preSolution
		Debug|Any CPU = Debug|Any CPU
		Release|Any CPU = Release|Any CPU
	EndGlobalSection
	GlobalSection(ProjectConfigurationPlatforms) = postSolution
		{82683024-75C3-4A5D-A1F3-88C1A3CA002B}.Debug|Any CPU.ActiveCfg = Debug|Any CPU
		{82683024-75C3-4A5D-A1F3-88C1A3CA002B}.Debug|Any CPU.Build.0 = Debug|Any CPU
		{82683024-75C3-4A5D-A1F3-88C1A3CA002B}.Release|Any CPU.ActiveCfg = Release|Any CPU
		{82683024-75C3-4A5D-A1F3-88C1A3CA002B}.Release|Any CPU.Build.0 = Release|Any CPU
	EndGlobalSection
	GlobalSection(SolutionProperties) = preSolution
		HideSolutionNode = FALSE
	EndGlobalSection
	GlobalSection(ExtensibilityGlobals) = postSolution
		SolutionGuid = {935B2E27-5248-4AD6-A2AA-49D14C3616AA}
	EndGlobalSection
EndGlobal
